PODS:
  - dt_aiui_plugin (0.0.1):
    - Flutter
  - Flutter (1.0.0)

DEPENDENCIES:
  - dt_aiui_plugin (from `.symlinks/plugins/dt_aiui_plugin/ios`)
  - Flutter (from `Flutter`)

EXTERNAL SOURCES:
  dt_aiui_plugin:
    :path: ".symlinks/plugins/dt_aiui_plugin/ios"
  Flutter:
    :path: Flutter

SPEC CHECKSUMS:
  dt_aiui_plugin: 4b2ac2699a294aa1e27158a555a5ed73f9ebf352
  Flutter: 434fef37c0980e73bb6479ef766c45957d4b510c

PODFILE CHECKSUM: aafe91acc616949ddb318b77800a7f51bffa2a4c

COCOAPODS: 1.10.1
